
Microsoft Visual Studio Solution File, Format Version 12.00
# Visual Studio Version 17
VisualStudioVersion = 17.14.36414.22 d17.14
MinimumVisualStudioVersion = 10.0.40219.1
Project("{FAE04EC0-301F-11D3-BF4B-00C04F79EFBC}") = "ITI", "ITI\ITI.csproj", "{EAF72BEC-5B32-4FAC-9E7B-D5DDCBE76187}"
EndProject
Project("{FAE04EC0-301F-11D3-BF4B-00C04F79EFBC}") = "Airline", "Airline\Airline.csproj", "{67A41B93-1527-4DA4-9E64-B8768D415212}"
EndProject
Global
	GlobalSection(SolutionConfigurationPlatforms) = preSolution
		Debug|Any CPU = Debug|Any CPU
		Release|Any CPU = Release|Any CPU
	EndGlobalSection
	GlobalSection(ProjectConfigurationPlatforms) = postSolution
		{EAF72BEC-5B32-4FAC-9E7B-D5DDCBE76187}.Debug|Any CPU.ActiveCfg = Debug|Any CPU
		{EAF72BEC-5B32-4FAC-9E7B-D5DDCBE76187}.Debug|Any CPU.Build.0 = Debug|Any CPU
		{EAF72BEC-5B32-4FAC-9E7B-D5DDCBE76187}.Release|Any CPU.ActiveCfg = Release|Any CPU
		{EAF72BEC-5B32-4FAC-9E7B-D5DDCBE76187}.Release|Any CPU.Build.0 = Release|Any CPU
		{67A41B93-1527-4DA4-9E64-B8768D415212}.Debug|Any CPU.ActiveCfg = Debug|Any CPU
		{67A41B93-1527-4DA4-9E64-B8768D415212}.Debug|Any CPU.Build.0 = Debug|Any CPU
		{67A41B93-1527-4DA4-9E64-B8768D415212}.Release|Any CPU.ActiveCfg = Release|Any CPU
		{67A41B93-1527-4DA4-9E64-B8768D415212}.Release|Any CPU.Build.0 = Release|Any CPU
	EndGlobalSection
	GlobalSection(SolutionProperties) = preSolution
		HideSolutionNode = FALSE
	EndGlobalSection
	GlobalSection(ExtensibilityGlobals) = postSolution
		SolutionGuid = {37DD9D6C-74FC-4D8B-BB6D-9DE3BD54E02D}
	EndGlobalSection
EndGlobal
